
Microsoft Visual Studio Solution File, Format Version 12.00
# Visual Studio Version 17
VisualStudioVersion = 17.2.32505.173
MinimumVisualStudioVersion = 10.0.40219.1
Project("{FAE04EC0-301F-11D3-BF4B-00C04F79EFBC}") = "FrukostfrallanCLI", "FrukostfrallanCLI.csproj", "{3E975548-1DE2-4C79-A6F4-12B6916FA226}"
EndProject
Global
	GlobalSection(SolutionConfigurationPlatforms) = preSolution
		Debug|Any CPU = Debug|Any CPU
		Release|Any CPU = Release|Any CPU
	EndGlobalSection
	GlobalSection(ProjectConfigurationPlatforms) = postSolution
		{3E975548-1DE2-4C79-A6F4-12B6916FA226}.Debug|Any CPU.ActiveCfg = Debug|Any CPU
		{3E975548-1DE2-4C79-A6F4-12B6916FA226}.Debug|Any CPU.Build.0 = Debug|Any CPU
		{3E975548-1DE2-4C79-A6F4-12B6916FA226}.Release|Any CPU.ActiveCfg = Release|Any CPU
		{3E975548-1DE2-4C79-A6F4-12B6916FA226}.Release|Any CPU.Build.0 = Release|Any CPU
	EndGlobalSection
	GlobalSection(SolutionProperties) = preSolution
		HideSolutionNode = FALSE
	EndGlobalSection
	GlobalSection(ExtensibilityGlobals) = postSolution
		SolutionGuid = {A4BE80A6-5B5C-4A2A-91FE-1E0F343F804B}
	EndGlobalSection
EndGlobal
